
Microsoft Visual Studio Solution File, Format Version 12.00
# Visual Studio Version 18
VisualStudioVersion = 18.0.11217.181
MinimumVisualStudioVersion = 10.0.40219.1
Project("{2150E333-8FDC-42A3-9474-1A3956D46DE8}") = "_Aspire", "_Aspire", "{02EA681E-C7D8-13C7-8484-4AC65E1B71E8}"
EndProject
Project("{FAE04EC0-301F-11D3-BF4B-00C04F79EFBC}") = "Infrastructure", "src\Infrastructure\Infrastructure.csproj", "{23B2E201-59C4-4B2E-B045-7F5345C20A63}"
EndProject
Project("{FAE04EC0-301F-11D3-BF4B-00C04F79EFBC}") = "Agents", "src\Agents\Agents.csproj", "{960A3CFD-C130-7355-5431-BD1168CC8817}"
EndProject
Project("{2150E333-8FDC-42A3-9474-1A3956D46DE8}") = "Shared", "Shared", "{74828106-6426-4828-BCE0-ED45DFFB2CAD}"
EndProject
Project("{2150E333-8FDC-42A3-9474-1A3956D46DE8}") = "Services", "Services", "{A08C2368-F2E7-4A9C-98E8-4132A6D83F29}"
EndProject
Project("{2150E333-8FDC-42A3-9474-1A3956D46DE8}") = "_Solution Items", "_Solution Items", "{9740ED15-6BDB-42C4-8F13-272DC069CA33}"
	ProjectSection(SolutionItems) = preProject
		Directory.Packages.props = Directory.Packages.props
		README.md = README.md
	EndProjectSection
EndProject
Project("{FAE04EC0-301F-11D3-BF4B-00C04F79EFBC}") = "AppHost", "src\AppHost\AppHost.csproj", "{BB9C41FD-1395-49AC-C085-55B269795333}"
EndProject
Project("{FAE04EC0-301F-11D3-BF4B-00C04F79EFBC}") = "ServiceDefaults", "src\ServiceDefaults\ServiceDefaults.csproj", "{E3C0E21B-371B-ACD5-5FF0-77C353D89E20}"
EndProject
Project("{FAE04EC0-301F-11D3-BF4B-00C04F79EFBC}") = "Travel.Agents", "src\Travel.Agents\Travel.Agents.csproj", "{69A55798-1BF4-49D9-37CB-ABD09CC00856}"
EndProject
Project("{FAE04EC0-301F-11D3-BF4B-00C04F79EFBC}") = "Travel.Workflows", "src\Travel.Workflows\Travel.Workflows.csproj", "{B006D2F9-B3E6-9EB4-3575-09B6542D26B6}"
EndProject
Project("{2150E333-8FDC-42A3-9474-1A3956D46DE8}") = "Tests", "Tests", "{FFAF644F-DAE2-4AC8-89C3-0246F10948D0}"
EndProject
Project("{FAE04EC0-301F-11D3-BF4B-00C04F79EFBC}") = "Travel.Tests.Dashboard", "src\Travel.Tests.Dashboard\Travel.Tests.Dashboard.csproj", "{9B4CA291-BF5B-B19E-0F1E-C7DE75951108}"
EndProject
Project("{FAE04EC0-301F-11D3-BF4B-00C04F79EFBC}") = "Travel.Tests.Integration", "src\Travel.Tests.Integration\Travel.Tests.Integration.csproj", "{63C1705A-5E8A-4EF7-86AF-C755E1D23B15}"
EndProject
Project("{FAE04EC0-301F-11D3-BF4B-00C04F79EFBC}") = "Travel.Tests.Shared", "src\Travel.Tests.Shared\Travel.Tests.Shared.csproj", "{A14562C9-1145-49A4-98ED-A86F36DFF8D3}"
EndProject
Project("{FAE04EC0-301F-11D3-BF4B-00C04F79EFBC}") = "Travel.Tests.Unit", "src\Travel.Tests.Unit\Travel.Tests.Unit.csproj", "{F2327A9D-70ED-AA47-8B8C-2861F2F9DCAF}"
EndProject
Global
	GlobalSection(SolutionConfigurationPlatforms) = preSolution
		Debug|Any CPU = Debug|Any CPU
		Release|Any CPU = Release|Any CPU
	EndGlobalSection
	GlobalSection(ProjectConfigurationPlatforms) = postSolution
		{23B2E201-59C4-4B2E-B045-7F5345C20A63}.Debug|Any CPU.ActiveCfg = Debug|Any CPU
		{23B2E201-59C4-4B2E-B045-7F5345C20A63}.Debug|Any CPU.Build.0 = Debug|Any CPU
		{23B2E201-59C4-4B2E-B045-7F5345C20A63}.Release|Any CPU.ActiveCfg = Release|Any CPU
		{23B2E201-59C4-4B2E-B045-7F5345C20A63}.Release|Any CPU.Build.0 = Release|Any CPU
		{960A3CFD-C130-7355-5431-BD1168CC8817}.Debug|Any CPU.ActiveCfg = Debug|Any CPU
		{960A3CFD-C130-7355-5431-BD1168CC8817}.Debug|Any CPU.Build.0 = Debug|Any CPU
		{960A3CFD-C130-7355-5431-BD1168CC8817}.Release|Any CPU.ActiveCfg = Release|Any CPU
		{960A3CFD-C130-7355-5431-BD1168CC8817}.Release|Any CPU.Build.0 = Release|Any CPU
		{BB9C41FD-1395-49AC-C085-55B269795333}.Debug|Any CPU.ActiveCfg = Debug|Any CPU
		{BB9C41FD-1395-49AC-C085-55B269795333}.Debug|Any CPU.Build.0 = Debug|Any CPU
		{BB9C41FD-1395-49AC-C085-55B269795333}.Release|Any CPU.ActiveCfg = Release|Any CPU
		{BB9C41FD-1395-49AC-C085-55B269795333}.Release|Any CPU.Build.0 = Release|Any CPU
		{E3C0E21B-371B-ACD5-5FF0-77C353D89E20}.Debug|Any CPU.ActiveCfg = Debug|Any CPU
		{E3C0E21B-371B-ACD5-5FF0-77C353D89E20}.Debug|Any CPU.Build.0 = Debug|Any CPU
		{E3C0E21B-371B-ACD5-5FF0-77C353D89E20}.Release|Any CPU.ActiveCfg = Release|Any CPU
		{E3C0E21B-371B-ACD5-5FF0-77C353D89E20}.Release|Any CPU.Build.0 = Release|Any CPU
		{69A55798-1BF4-49D9-37CB-ABD09CC00856}.Debug|Any CPU.ActiveCfg = Debug|Any CPU
		{69A55798-1BF4-49D9-37CB-ABD09CC00856}.Debug|Any CPU.Build.0 = Debug|Any CPU
		{69A55798-1BF4-49D9-37CB-ABD09CC00856}.Release|Any CPU.ActiveCfg = Release|Any CPU
		{69A55798-1BF4-49D9-37CB-ABD09CC00856}.Release|Any CPU.Build.0 = Release|Any CPU
		{B006D2F9-B3E6-9EB4-3575-09B6542D26B6}.Debug|Any CPU.ActiveCfg = Debug|Any CPU
		{B006D2F9-B3E6-9EB4-3575-09B6542D26B6}.Debug|Any CPU.Build.0 = Debug|Any CPU
		{B006D2F9-B3E6-9EB4-3575-09B6542D26B6}.Release|Any CPU.ActiveCfg = Release|Any CPU
		{B006D2F9-B3E6-9EB4-3575-09B6542D26B6}.Release|Any CPU.Build.0 = Release|Any CPU
		{9B4CA291-BF5B-B19E-0F1E-C7DE75951108}.Debug|Any CPU.ActiveCfg = Debug|Any CPU
		{9B4CA291-BF5B-B19E-0F1E-C7DE75951108}.Debug|Any CPU.Build.0 = Debug|Any CPU
		{9B4CA291-BF5B-B19E-0F1E-C7DE75951108}.Release|Any CPU.ActiveCfg = Release|Any CPU
		{9B4CA291-BF5B-B19E-0F1E-C7DE75951108}.Release|Any CPU.Build.0 = Release|Any CPU
		{63C1705A-5E8A-4EF7-86AF-C755E1D23B15}.Debug|Any CPU.ActiveCfg = Debug|Any CPU
		{63C1705A-5E8A-4EF7-86AF-C755E1D23B15}.Debug|Any CPU.Build.0 = Debug|Any CPU
		{63C1705A-5E8A-4EF7-86AF-C755E1D23B15}.Release|Any CPU.ActiveCfg = Release|Any CPU
		{63C1705A-5E8A-4EF7-86AF-C755E1D23B15}.Release|Any CPU.Build.0 = Release|Any CPU
		{A14562C9-1145-49A4-98ED-A86F36DFF8D3}.Debug|Any CPU.ActiveCfg = Debug|Any CPU
		{A14562C9-1145-49A4-98ED-A86F36DFF8D3}.Debug|Any CPU.Build.0 = Debug|Any CPU
		{A14562C9-1145-49A4-98ED-A86F36DFF8D3}.Release|Any CPU.ActiveCfg = Release|Any CPU
		{A14562C9-1145-49A4-98ED-A86F36DFF8D3}.Release|Any CPU.Build.0 = Release|Any CPU
		{F2327A9D-70ED-AA47-8B8C-2861F2F9DCAF}.Debug|Any CPU.ActiveCfg = Debug|Any CPU
		{F2327A9D-70ED-AA47-8B8C-2861F2F9DCAF}.Debug|Any CPU.Build.0 = Debug|Any CPU
		{F2327A9D-70ED-AA47-8B8C-2861F2F9DCAF}.Release|Any CPU.ActiveCfg = Release|Any CPU
		{F2327A9D-70ED-AA47-8B8C-2861F2F9DCAF}.Release|Any CPU.Build.0 = Release|Any CPU
	EndGlobalSection
	GlobalSection(SolutionProperties) = preSolution
		HideSolutionNode = FALSE
	EndGlobalSection
	GlobalSection(NestedProjects) = preSolution
		{23B2E201-59C4-4B2E-B045-7F5345C20A63} = {74828106-6426-4828-BCE0-ED45DFFB2CAD}
		{960A3CFD-C130-7355-5431-BD1168CC8817} = {74828106-6426-4828-BCE0-ED45DFFB2CAD}
		{BB9C41FD-1395-49AC-C085-55B269795333} = {02EA681E-C7D8-13C7-8484-4AC65E1B71E8}
		{E3C0E21B-371B-ACD5-5FF0-77C353D89E20} = {02EA681E-C7D8-13C7-8484-4AC65E1B71E8}
		{69A55798-1BF4-49D9-37CB-ABD09CC00856} = {A08C2368-F2E7-4A9C-98E8-4132A6D83F29}
		{B006D2F9-B3E6-9EB4-3575-09B6542D26B6} = {A08C2368-F2E7-4A9C-98E8-4132A6D83F29}
		{9B4CA291-BF5B-B19E-0F1E-C7DE75951108} = {FFAF644F-DAE2-4AC8-89C3-0246F10948D0}
		{63C1705A-5E8A-4EF7-86AF-C755E1D23B15} = {FFAF644F-DAE2-4AC8-89C3-0246F10948D0}
		{A14562C9-1145-49A4-98ED-A86F36DFF8D3} = {FFAF644F-DAE2-4AC8-89C3-0246F10948D0}
		{F2327A9D-70ED-AA47-8B8C-2861F2F9DCAF} = {FFAF644F-DAE2-4AC8-89C3-0246F10948D0}
	EndGlobalSection
	GlobalSection(ExtensibilityGlobals) = postSolution
		SolutionGuid = {CECF4BFE-6870-4849-BFB1-EC0B46CF01E1}
	EndGlobalSection
EndGlobal
