
Microsoft Visual Studio Solution File, Format Version 12.00
# Visual Studio Version 18
VisualStudioVersion = 18.0.11217.181
MinimumVisualStudioVersion = 10.0.40219.1
Project("{2150E333-8FDC-42A3-9474-1A3956D46DE8}") = "_Aspire", "_Aspire", "{02EA681E-C7D8-13C7-8484-4AC65E1B71E8}"
EndProject
Project("{FAE04EC0-301F-11D3-BF4B-00C04F79EFBC}") = "Infrastructure", "src\Infrastructure\Infrastructure.csproj", "{23B2E201-59C4-4B2E-B045-7F5345C20A63}"
EndProject
Project("{FAE04EC0-301F-11D3-BF4B-00C04F79EFBC}") = "Agents", "src\Agents\Agents.csproj", "{960A3CFD-C130-7355-5431-BD1168CC8817}"
EndProject
Project("{2150E333-8FDC-42A3-9474-1A3956D46DE8}") = "Application", "Application", "{2F775700-8AE2-452A-83D0-B25564841156}"
EndProject
Project("{FAE04EC0-301F-11D3-BF4B-00C04F79EFBC}") = "Travel.Application.Api", "src\Travel.Application.Api\Travel.Application.Api.csproj", "{FEADD821-41C5-4F65-CB83-31B53F5961E0}"
EndProject
Project("{2150E333-8FDC-42A3-9474-1A3956D46DE8}") = "Shared", "Shared", "{74828106-6426-4828-BCE0-ED45DFFB2CAD}"
EndProject
Project("{FAE04EC0-301F-11D3-BF4B-00C04F79EFBC}") = "Travel.Application", "src\Travel.Application\Travel.Application.csproj", "{CBD2A9B8-FB69-4574-8145-416C3DC630C2}"
EndProject
Project("{FAE04EC0-301F-11D3-BF4B-00C04F79EFBC}") = "Travel.Application.Mcp", "src\Travel.Application.Mcp\Travel.Application.Mcp.csproj", "{73E84196-105E-F2E9-8242-4DBBFE5ED73C}"
EndProject
Project("{2150E333-8FDC-42A3-9474-1A3956D46DE8}") = "Services", "Services", "{A08C2368-F2E7-4A9C-98E8-4132A6D83F29}"
EndProject
Project("{2150E333-8FDC-42A3-9474-1A3956D46DE8}") = "_Solution Items", "_Solution Items", "{9740ED15-6BDB-42C4-8F13-272DC069CA33}"
	ProjectSection(SolutionItems) = preProject
		Directory.Packages.props = Directory.Packages.props
		README.md = README.md
	EndProjectSection
EndProject
Project("{FAE04EC0-301F-11D3-BF4B-00C04F79EFBC}") = "AppHost", "src\AppHost\AppHost.csproj", "{BB9C41FD-1395-49AC-C085-55B269795333}"
EndProject
Project("{FAE04EC0-301F-11D3-BF4B-00C04F79EFBC}") = "ServiceDefaults", "src\ServiceDefaults\ServiceDefaults.csproj", "{E3C0E21B-371B-ACD5-5FF0-77C353D89E20}"
EndProject
Project("{FAE04EC0-301F-11D3-BF4B-00C04F79EFBC}") = "Travel.Workflows.Tests", "src\Travel.Workflows.Tests\Travel.Workflows.Tests.csproj", "{E8847EA5-461B-4542-8792-6084D3A3BD2C}"
EndProject
Project("{FAE04EC0-301F-11D3-BF4B-00C04F79EFBC}") = "Travel.Workflows.Tests.Integration", "src\Travel.Workflows.Tests.Integration\Travel.Workflows.Tests.Integration.csproj", "{CDA8C0B0-9C04-4C82-BD48-6D2B7B0E7293}"
EndProject
Project("{FAE04EC0-301F-11D3-BF4B-00C04F79EFBC}") = "Travel.Agents", "src\Travel.Agents\Travel.Agents.csproj", "{69A55798-1BF4-49D9-37CB-ABD09CC00856}"
EndProject
Project("{FAE04EC0-301F-11D3-BF4B-00C04F79EFBC}") = "Travel.Workflows", "src\Travel.Workflows\Travel.Workflows.csproj", "{B006D2F9-B3E6-9EB4-3575-09B6542D26B6}"
EndProject
Global
	GlobalSection(SolutionConfigurationPlatforms) = preSolution
		Debug|Any CPU = Debug|Any CPU
		Release|Any CPU = Release|Any CPU
	EndGlobalSection
	GlobalSection(ProjectConfigurationPlatforms) = postSolution
		{23B2E201-59C4-4B2E-B045-7F5345C20A63}.Debug|Any CPU.ActiveCfg = Debug|Any CPU
		{23B2E201-59C4-4B2E-B045-7F5345C20A63}.Debug|Any CPU.Build.0 = Debug|Any CPU
		{23B2E201-59C4-4B2E-B045-7F5345C20A63}.Release|Any CPU.ActiveCfg = Release|Any CPU
		{23B2E201-59C4-4B2E-B045-7F5345C20A63}.Release|Any CPU.Build.0 = Release|Any CPU
		{960A3CFD-C130-7355-5431-BD1168CC8817}.Debug|Any CPU.ActiveCfg = Debug|Any CPU
		{960A3CFD-C130-7355-5431-BD1168CC8817}.Debug|Any CPU.Build.0 = Debug|Any CPU
		{960A3CFD-C130-7355-5431-BD1168CC8817}.Release|Any CPU.ActiveCfg = Release|Any CPU
		{960A3CFD-C130-7355-5431-BD1168CC8817}.Release|Any CPU.Build.0 = Release|Any CPU
		{FEADD821-41C5-4F65-CB83-31B53F5961E0}.Debug|Any CPU.ActiveCfg = Debug|Any CPU
		{FEADD821-41C5-4F65-CB83-31B53F5961E0}.Debug|Any CPU.Build.0 = Debug|Any CPU
		{FEADD821-41C5-4F65-CB83-31B53F5961E0}.Release|Any CPU.ActiveCfg = Release|Any CPU
		{FEADD821-41C5-4F65-CB83-31B53F5961E0}.Release|Any CPU.Build.0 = Release|Any CPU
		{CBD2A9B8-FB69-4574-8145-416C3DC630C2}.Debug|Any CPU.ActiveCfg = Debug|Any CPU
		{CBD2A9B8-FB69-4574-8145-416C3DC630C2}.Debug|Any CPU.Build.0 = Debug|Any CPU
		{CBD2A9B8-FB69-4574-8145-416C3DC630C2}.Release|Any CPU.ActiveCfg = Release|Any CPU
		{CBD2A9B8-FB69-4574-8145-416C3DC630C2}.Release|Any CPU.Build.0 = Release|Any CPU
		{73E84196-105E-F2E9-8242-4DBBFE5ED73C}.Debug|Any CPU.ActiveCfg = Debug|Any CPU
		{73E84196-105E-F2E9-8242-4DBBFE5ED73C}.Debug|Any CPU.Build.0 = Debug|Any CPU
		{73E84196-105E-F2E9-8242-4DBBFE5ED73C}.Release|Any CPU.ActiveCfg = Release|Any CPU
		{73E84196-105E-F2E9-8242-4DBBFE5ED73C}.Release|Any CPU.Build.0 = Release|Any CPU
		{BB9C41FD-1395-49AC-C085-55B269795333}.Debug|Any CPU.ActiveCfg = Debug|Any CPU
		{BB9C41FD-1395-49AC-C085-55B269795333}.Debug|Any CPU.Build.0 = Debug|Any CPU
		{BB9C41FD-1395-49AC-C085-55B269795333}.Release|Any CPU.ActiveCfg = Release|Any CPU
		{BB9C41FD-1395-49AC-C085-55B269795333}.Release|Any CPU.Build.0 = Release|Any CPU
		{E3C0E21B-371B-ACD5-5FF0-77C353D89E20}.Debug|Any CPU.ActiveCfg = Debug|Any CPU
		{E3C0E21B-371B-ACD5-5FF0-77C353D89E20}.Debug|Any CPU.Build.0 = Debug|Any CPU
		{E3C0E21B-371B-ACD5-5FF0-77C353D89E20}.Release|Any CPU.ActiveCfg = Release|Any CPU
		{E3C0E21B-371B-ACD5-5FF0-77C353D89E20}.Release|Any CPU.Build.0 = Release|Any CPU
		{E8847EA5-461B-4542-8792-6084D3A3BD2C}.Debug|Any CPU.ActiveCfg = Debug|Any CPU
		{E8847EA5-461B-4542-8792-6084D3A3BD2C}.Debug|Any CPU.Build.0 = Debug|Any CPU
		{E8847EA5-461B-4542-8792-6084D3A3BD2C}.Release|Any CPU.ActiveCfg = Release|Any CPU
		{E8847EA5-461B-4542-8792-6084D3A3BD2C}.Release|Any CPU.Build.0 = Release|Any CPU
		{CDA8C0B0-9C04-4C82-BD48-6D2B7B0E7293}.Debug|Any CPU.ActiveCfg = Debug|Any CPU
		{CDA8C0B0-9C04-4C82-BD48-6D2B7B0E7293}.Debug|Any CPU.Build.0 = Debug|Any CPU
		{CDA8C0B0-9C04-4C82-BD48-6D2B7B0E7293}.Release|Any CPU.ActiveCfg = Release|Any CPU
		{CDA8C0B0-9C04-4C82-BD48-6D2B7B0E7293}.Release|Any CPU.Build.0 = Release|Any CPU
		{69A55798-1BF4-49D9-37CB-ABD09CC00856}.Debug|Any CPU.ActiveCfg = Debug|Any CPU
		{69A55798-1BF4-49D9-37CB-ABD09CC00856}.Debug|Any CPU.Build.0 = Debug|Any CPU
		{69A55798-1BF4-49D9-37CB-ABD09CC00856}.Release|Any CPU.ActiveCfg = Release|Any CPU
		{69A55798-1BF4-49D9-37CB-ABD09CC00856}.Release|Any CPU.Build.0 = Release|Any CPU
		{B006D2F9-B3E6-9EB4-3575-09B6542D26B6}.Debug|Any CPU.ActiveCfg = Debug|Any CPU
		{B006D2F9-B3E6-9EB4-3575-09B6542D26B6}.Debug|Any CPU.Build.0 = Debug|Any CPU
		{B006D2F9-B3E6-9EB4-3575-09B6542D26B6}.Release|Any CPU.ActiveCfg = Release|Any CPU
		{B006D2F9-B3E6-9EB4-3575-09B6542D26B6}.Release|Any CPU.Build.0 = Release|Any CPU
	EndGlobalSection
	GlobalSection(SolutionProperties) = preSolution
		HideSolutionNode = FALSE
	EndGlobalSection
	GlobalSection(NestedProjects) = preSolution
		{23B2E201-59C4-4B2E-B045-7F5345C20A63} = {74828106-6426-4828-BCE0-ED45DFFB2CAD}
		{960A3CFD-C130-7355-5431-BD1168CC8817} = {74828106-6426-4828-BCE0-ED45DFFB2CAD}
		{FEADD821-41C5-4F65-CB83-31B53F5961E0} = {2F775700-8AE2-452A-83D0-B25564841156}
		{CBD2A9B8-FB69-4574-8145-416C3DC630C2} = {2F775700-8AE2-452A-83D0-B25564841156}
		{73E84196-105E-F2E9-8242-4DBBFE5ED73C} = {2F775700-8AE2-452A-83D0-B25564841156}
		{BB9C41FD-1395-49AC-C085-55B269795333} = {02EA681E-C7D8-13C7-8484-4AC65E1B71E8}
		{E3C0E21B-371B-ACD5-5FF0-77C353D89E20} = {02EA681E-C7D8-13C7-8484-4AC65E1B71E8}
		{E8847EA5-461B-4542-8792-6084D3A3BD2C} = {A08C2368-F2E7-4A9C-98E8-4132A6D83F29}
		{CDA8C0B0-9C04-4C82-BD48-6D2B7B0E7293} = {A08C2368-F2E7-4A9C-98E8-4132A6D83F29}
		{69A55798-1BF4-49D9-37CB-ABD09CC00856} = {A08C2368-F2E7-4A9C-98E8-4132A6D83F29}
		{B006D2F9-B3E6-9EB4-3575-09B6542D26B6} = {A08C2368-F2E7-4A9C-98E8-4132A6D83F29}
	EndGlobalSection
	GlobalSection(ExtensibilityGlobals) = postSolution
		SolutionGuid = {CECF4BFE-6870-4849-BFB1-EC0B46CF01E1}
	EndGlobalSection
EndGlobal
