{
  "version": 2,
  "dependencies": {
    "net10.0": {
      "Azure.AI.OpenAI": {
        "type": "Direct",
        "requested": "[2.8.0-beta.1, )",
        "resolved": "2.8.0-beta.1",
        "contentHash": "hxV4iOVbeErzB+Ah0Rx393Efk9GoqQDu74t7ObdXP9Yo9VAsgocozICEP0skqBJubo/KQGf7anyZjaeP/sB2lA==",
        "dependencies": {
          "Azure.Core": "1.50.0",
          "OpenAI": "2.8.0"
        }
      },
      "Microsoft.Agents.AI.Hosting.AGUI.AspNetCore": {
        "type": "Direct",
        "requested": "[1.0.0-preview.260225.1, )",
        "resolved": "1.0.0-preview.260225.1",
        "contentHash": "Xb1bmr27Fgvz8IsVooK6BB04UBgWHpJV8cAHotunVhQMn6hJD5mJnus0YWOQu5eh4cZVxHsgjtoWOld0+unbHQ==",
        "dependencies": {
          "Microsoft.Agents.AI.Hosting": "1.0.0-preview.260225.1",
          "Microsoft.Extensions.AI": "10.3.0",
          "Microsoft.Extensions.AI.Abstractions": "10.3.0",
          "Microsoft.Extensions.VectorData.Abstractions": "9.7.0",
          "OpenTelemetry.Api": "1.13.1"
        }
      },
      "Microsoft.AspNetCore.OpenApi": {
        "type": "Direct",
        "requested": "[10.0.3, )",
        "resolved": "10.0.3",
        "contentHash": "SAvSrKDgnY5GDjDAngOXxPhUvEKlTU/0zIq8zidqHvh/xnZBPs0Vc4LqwyvnmnafNnyUaivtRABz4K4wodXfSg==",
        "dependencies": {
          "Microsoft.OpenApi": "2.0.0"
        }
      },
      "Microsoft.VisualStudio.Azure.Containers.Tools.Targets": {
        "type": "Direct",
        "requested": "[1.23.0, )",
        "resolved": "1.23.0",
        "contentHash": "2wDnb4umupJZ/1ikgWozFVpggH1mlHQFc0odXVv2ZagL3RYwXgW9zmC15fiqIBzmaC0vLZUnLGwDY+p8ZR7Syw=="
      },
      "Swashbuckle.AspNetCore": {
        "type": "Direct",
        "requested": "[10.1.4, )",
        "resolved": "10.1.4",
        "contentHash": "3y9YcUdzND3E21NiGvhxEVw2/rdQSbSLDOxrAMP96ZCaDVeB8b30L8QeWA9cfkxfyeXt+F2t1umKE0kaPxm4FA==",
        "dependencies": {
          "Microsoft.Extensions.ApiDescription.Server": "10.0.0",
          "Swashbuckle.AspNetCore.Swagger": "10.1.4",
          "Swashbuckle.AspNetCore.SwaggerGen": "10.1.4",
          "Swashbuckle.AspNetCore.SwaggerUI": "10.1.4"
        }
      },
      "Azure.Core": {
        "type": "Transitive",
        "resolved": "1.50.0",
        "contentHash": "GBNKZEhdIbTXxedvD3R7I/yDVFX9jJJEz02kCziFSJxspSQ5RMHc3GktulJ1s7+ffXaXD7kMgrtdQTaggyInLw==",
        "dependencies": {
          "Microsoft.Bcl.AsyncInterfaces": "8.0.0",
          "System.ClientModel": "1.8.0",
          "System.Memory.Data": "8.0.1"
        }
      },
      "Azure.Storage.Common": {
        "type": "Transitive",
        "resolved": "12.26.0",
        "contentHash": "XaT6CDcSshZb7KaCTwc6m4EouZbLBg7ciOEpsJSdJCvkNsZJQCvPKw7V5TtXno19AA1NpwtsZriYque8mzbQVg==",
        "dependencies": {
          "Azure.Core": "1.50.0",
          "System.IO.Hashing": "10.0.1"
        }
      },
      "Microsoft.Agents.AI.Hosting": {
        "type": "Transitive",
        "resolved": "1.0.0-preview.260225.1",
        "contentHash": "oFxIajXnbF2olVTbtxs5Vl+P9Ef8wqQtTmsPda4bYJC+gmTd+XQcwqWvXLk3KvW/9R5+EpJVZi780PrtNMDyZw==",
        "dependencies": {
          "Microsoft.Agents.AI": "1.0.0-rc2",
          "Microsoft.Agents.AI.Abstractions": "1.0.0-rc2",
          "Microsoft.Agents.AI.Workflows": "1.0.0-rc2",
          "Microsoft.Extensions.AI": "10.3.0",
          "Microsoft.Extensions.AI.Abstractions": "10.3.0",
          "Microsoft.Extensions.VectorData.Abstractions": "9.7.0",
          "OpenTelemetry.Api": "1.13.1"
        }
      },
      "Microsoft.Agents.ObjectModel": {
        "type": "Transitive",
        "resolved": "2026.2.4.1",
        "contentHash": "oRDis65oGYzrZpSlAyw4Jzv/am4KlbPG1bRdMfsIz2oT6XOyP1Gio7/cUYbrZIj5bj0O5HfYPzRAuwn2VFlTBA==",
        "dependencies": {
          "Microsoft.Bcl.HashCode": "1.1.0"
        }
      },
      "Microsoft.Agents.ObjectModel.Json": {
        "type": "Transitive",
        "resolved": "2026.2.4.1",
        "contentHash": "2xRhrL+hMpSSt0kCIqgusgQmn3rE0+ggSx1nG2ryNHIvWZcDng2kvSdJfRVTUoevDtyULuoW5R19zLfd/MmKcw==",
        "dependencies": {
          "Microsoft.Agents.ObjectModel": "2026.2.4.1"
        }
      },
      "Microsoft.Agents.ObjectModel.PowerFx": {
        "type": "Transitive",
        "resolved": "2026.2.4.1",
        "contentHash": "w+SUQc9K2ygzpzewh0hvNCRAfhDAi4xl9+oEnHLHb3MJxhOdBpqbejwlLS4g00d1lVUypXvv9xfBcr/IKvef4A==",
        "dependencies": {
          "Microsoft.Agents.ObjectModel": "2026.2.4.1",
          "Microsoft.Agents.ObjectModel.Json": "2026.2.4.1",
          "Microsoft.PowerFx.Interpreter": "1.8.1",
          "Microsoft.PowerFx.Json": "1.8.1",
          "Microsoft.PowerFx.LanguageServerProtocol": "1.8.1"
        }
      },
      "Microsoft.Bcl.AsyncInterfaces": {
        "type": "Transitive",
        "resolved": "10.0.3",
        "contentHash": "TV62UsrJZPX6gbt3c4WrtXh7bmaDIcMqf9uft1cc4L6gJXOU07hDGEh+bFQh/L2Az0R1WVOkiT66lFqS6G2NmA=="
      },
      "Microsoft.Bcl.HashCode": {
        "type": "Transitive",
        "resolved": "6.0.0",
        "contentHash": "GI4jcoi6eC9ZhNOQylIBaWOQjyGaR8T6N3tC1u8p3EXfndLCVNNWa+Zp+ocjvvS3kNBN09Zma2HXL0ezO0dRfw=="
      },
      "Microsoft.Extensions.AI.Abstractions": {
        "type": "Transitive",
        "resolved": "10.3.0",
        "contentHash": "hDjDvUERvUH3HBMs2MDusOcGJBjAHOG5pJIU2x/HZEa4e1UthNKt89cwMi3B+ogJo6skki1XFjfgGN3ksnVqvQ=="
      },
      "Microsoft.Extensions.AmbientMetadata.Application": {
        "type": "Transitive",
        "resolved": "10.3.0",
        "contentHash": "Oh/FQJrTZqiqZuFktqDCwLFgxIUnNATZx46AwUTf5A/+FmK/TzPf/iwSqMK85QlioLD9ehOxWe0NBfsCSkp5pw=="
      },
      "Microsoft.Extensions.ApiDescription.Server": {
        "type": "Transitive",
        "resolved": "10.0.0",
        "contentHash": "NCWCGiwRwje8773yzPQhvucYnnfeR+ZoB1VRIrIMp4uaeUNw7jvEPHij3HIbwCDuNCrNcphA00KSAR9yD9qmbg=="
      },
      "Microsoft.Extensions.Compliance.Abstractions": {
        "type": "Transitive",
        "resolved": "10.3.0",
        "contentHash": "b3gmxtyX0n8bQFuZ679f8QiOWqjeZKFc6XXPUsYNFzMcWi0Q44Ej3pB41N/QQ0maX380kmOMF36bLSBHNThXAg=="
      },
      "Microsoft.Extensions.DependencyInjection.AutoActivation": {
        "type": "Transitive",
        "resolved": "10.3.0",
        "contentHash": "g6/S5rhP1XNBqeDa9zKXri/uDKe6gjzSqGsocuySb1OdVm8fz/M9YcWTJsCw5RHF8xIb/B3NgsfBPQF9Emjk3Q=="
      },
      "Microsoft.Extensions.Diagnostics.ExceptionSummarization": {
        "type": "Transitive",
        "resolved": "10.3.0",
        "contentHash": "TZAZsAFThNQDqCnWaGxV/X7OPSA7b+kY7wNTPNvPvSWa0jcTbmGVyzIY/feF4OgyAUUdzSnnLW6ri2Q+4keM4A=="
      },
      "Microsoft.Extensions.Http.Diagnostics": {
        "type": "Transitive",
        "resolved": "10.3.0",
        "contentHash": "/xuNWNxI4WLVatiTvaqfLd5ijFhQ/qvE14bOyWxeEWmXJkjh/g2G/5TdzMfoe0afq16OdWLGbrD9gWHo178hbg==",
        "dependencies": {
          "Microsoft.Extensions.Telemetry": "10.3.0"
        }
      },
      "Microsoft.Extensions.Resilience": {
        "type": "Transitive",
        "resolved": "10.3.0",
        "contentHash": "xc0dZuPkBaVIdMlODDppmNY/dxE27wIQ46gTzStoFXO4/yVcOMKlPmtr9vTP4edyXBRizGxPtcAFmqxZ5gPTkQ==",
        "dependencies": {
          "Microsoft.Extensions.Diagnostics.ExceptionSummarization": "10.3.0",
          "Microsoft.Extensions.Telemetry.Abstractions": "10.3.0",
          "Polly.Extensions": "8.4.2",
          "Polly.RateLimiting": "8.4.2"
        }
      },
      "Microsoft.Extensions.ServiceDiscovery.Abstractions": {
        "type": "Transitive",
        "resolved": "10.3.0",
        "contentHash": "2j3SdFGgqFQFP6xQpkbqxt9SdzsT4/FK47RQ7MoCAZnKZiZEDuLDq9PfKLqON8HbGc09jHZ02x0tHIjleVab2A=="
      },
      "Microsoft.Extensions.Telemetry": {
        "type": "Transitive",
        "resolved": "10.3.0",
        "contentHash": "M1esrIGmwU2JBY0JpwdlUTXTNBXSBFEs+41bYBd59+9/vCaXw+vGhtYcCL+JXeGmxTLUHmuXcKbX/uVCSFcuzA==",
        "dependencies": {
          "Microsoft.Extensions.AmbientMetadata.Application": "10.3.0",
          "Microsoft.Extensions.DependencyInjection.AutoActivation": "10.3.0",
          "Microsoft.Extensions.Telemetry.Abstractions": "10.3.0"
        }
      },
      "Microsoft.Extensions.Telemetry.Abstractions": {
        "type": "Transitive",
        "resolved": "10.3.0",
        "contentHash": "aKxH6ZsGAewGF8uSXyx1WkjqItwZA+hd1hhQ/4i7o5injCWSdr9vIZ3R3djJfy8OG3xaWK+LZY/+slVvlnwEHw==",
        "dependencies": {
          "Microsoft.Extensions.Compliance.Abstractions": "10.3.0"
        }
      },
      "Microsoft.Extensions.VectorData.Abstractions": {
        "type": "Transitive",
        "resolved": "9.7.0",
        "contentHash": "Vth/omSCX2vR0JabzSRU/hdPhr0CvUVZlaS2lJPWHrEwvak8ntrQLDtLMtMiWKSvviGBe/WmjUW8gA3qqn9tjw==",
        "dependencies": {
          "Microsoft.Extensions.AI.Abstractions": "9.5.0"
        }
      },
      "Microsoft.Identity.Client": {
        "type": "Transitive",
        "resolved": "4.78.0",
        "contentHash": "vZ50HE9INSN+Ew8pCgTm0t7wzxQTqozF9L4MAsl64etXz0Teo0dbUvjpVzqDHRs6m1Vn8mHF04fGaxXrIvGpsg==",
        "dependencies": {
          "Microsoft.IdentityModel.Abstractions": "8.14.0"
        }
      },
      "Microsoft.Identity.Client.Extensions.Msal": {
        "type": "Transitive",
        "resolved": "4.78.0",
        "contentHash": "DYU9o+DrDQuyZxeq91GBA9eNqBvA3ZMkLzQpF7L9dTk6FcIBM1y1IHXWqiKXTvptPF7CZE59upbyUoa+FJ5eiA==",
        "dependencies": {
          "Microsoft.Identity.Client": "4.78.0",
          "System.Security.Cryptography.ProtectedData": "4.5.0"
        }
      },
      "Microsoft.IdentityModel.Abstractions": {
        "type": "Transitive",
        "resolved": "8.14.0",
        "contentHash": "iwbCpSjD3ehfTwBhtSNEtKPK0ICun6ov7Ibx6ISNA9bfwIyzI2Siwyi9eJFCJBwxowK9xcA1mj+jBWiigeqgcQ=="
      },
      "Microsoft.OpenApi": {
        "type": "Transitive",
        "resolved": "2.4.1",
        "contentHash": "u7QhXCISMQuab3flasb1hoaiERmUqyWsW7tmQODyILoQ7mJV5IRGM+2KKZYo0QUfC13evEOcHAb6TPWgqEQtrw=="
      },
      "Microsoft.PowerFx.Core": {
        "type": "Transitive",
        "resolved": "1.8.1",
        "contentHash": "+pLraSpOL9u29pWI8wWoGXwJEmr79wzEuf2grnPrAHj06vz/958A7jwBAY0sFc9UOmz89U3WsWgGCONPj+xn/A==",
        "dependencies": {
          "Microsoft.Bcl.AsyncInterfaces": "6.0.0",
          "Microsoft.PowerFx.Transport.Attributes": "1.8.1"
        }
      },
      "Microsoft.PowerFx.Interpreter": {
        "type": "Transitive",
        "resolved": "1.8.1",
        "contentHash": "lVAvqvZ4JCvccAgFHnH9QfBoBx1MaZok5quhlCSJsYZbbcNOGMMGBcnGCiRr1Jrfs5SvHNuunV69+Vj/Kp8BNQ==",
        "dependencies": {
          "Microsoft.Bcl.AsyncInterfaces": "6.0.0",
          "Microsoft.PowerFx.Core": "1.8.1"
        }
      },
      "Microsoft.PowerFx.Json": {
        "type": "Transitive",
        "resolved": "1.8.1",
        "contentHash": "F37MImYfLC9MeTDDn7nMnvUWM53vDyuZL6zYNGJUEV8fvI5qc6+1EbyC7/IZbXREJbWd0uFb9mUnorcMG3M0ug==",
        "dependencies": {
          "Microsoft.PowerFx.Core": "1.8.1"
        }
      },
      "Microsoft.PowerFx.LanguageServerProtocol": {
        "type": "Transitive",
        "resolved": "1.8.1",
        "contentHash": "JFV1cdCv3sDZ66uxIW3qLpkxrf5PdJk3mGsnGGh3Mlvb9U0PiHsGg8Xho/XnYAWHs14z1D6gNQGECugpokdKGg==",
        "dependencies": {
          "Microsoft.PowerFx.Core": "1.8.1"
        }
      },
      "Microsoft.PowerFx.Transport.Attributes": {
        "type": "Transitive",
        "resolved": "1.8.1",
        "contentHash": "74zMpGpT+pSbSgRDbRf85sZT2v04XzpF5tDAEN/P8rlEndk7eZFhTJCzQIkpZ8GQauHXR97uQ+1DgC471XjpmA=="
      },
      "ModelContextProtocol.Core": {
        "type": "Transitive",
        "resolved": "1.0.0",
        "contentHash": "QKboiQEq2MJMGeQ029Gy6xqge88abm0Px9lnG7hueOyf+EDCxi5SUATV+Df7GwT+NwWzkEsYG271bUQD+LGhEg==",
        "dependencies": {
          "Microsoft.Extensions.AI.Abstractions": "10.3.0"
        }
      },
      "OpenAI": {
        "type": "Transitive",
        "resolved": "2.8.0",
        "contentHash": "KcYpZ9IhuxFD2hGAJlL5vABtkr00CjeJU0SY8CjZQyzvzkzLop8jhdX3iDvteVJg6e3y4TEiY+Kti4gDJAagnA==",
        "dependencies": {
          "System.ClientModel": "1.8.1"
        }
      },
      "OpenTelemetry.Api": {
        "type": "Transitive",
        "resolved": "1.15.0",
        "contentHash": "vk5OGdf6K9kQScCWo3bRjhDWCv6Pqw92IpX4dlARZ8B1WL7/2NGTDtCkkw42eQf7UdwyoHKzVvMH/PtL8d6z7w=="
      },
      "OpenTelemetry.Api.ProviderBuilderExtensions": {
        "type": "Transitive",
        "resolved": "1.15.0",
        "contentHash": "OnuSUlRpGvowkOzGFQfy+KZFu0cITfKfh2IYJJiZskxVJiOuexwOOuvfDAgpJdmTzVWAHjYdz2shcHZaJ06UjQ==",
        "dependencies": {
          "OpenTelemetry.Api": "1.15.0"
        }
      },
      "Polly.Core": {
        "type": "Transitive",
        "resolved": "8.4.2",
        "contentHash": "BpE2I6HBYYA5tF0Vn4eoQOGYTYIK1BlF5EXVgkWGn3mqUUjbXAr13J6fZVbp7Q3epRR8yshacBMlsHMhpOiV3g=="
      },
      "Polly.Extensions": {
        "type": "Transitive",
        "resolved": "8.4.2",
        "contentHash": "GZ9vRVmR0jV2JtZavt+pGUsQ1O1cuRKG7R7VOZI6ZDy9y6RNPvRvXK1tuS4ffUrv8L0FTea59oEuQzgS0R7zSA==",
        "dependencies": {
          "Polly.Core": "8.4.2"
        }
      },
      "Polly.RateLimiting": {
        "type": "Transitive",
        "resolved": "8.4.2",
        "contentHash": "ehTImQ/eUyO07VYW2WvwSmU9rRH200SKJ/3jku9rOkyWE0A2JxNFmAVms8dSn49QLSjmjFRRSgfNyOgr/2PSmA==",
        "dependencies": {
          "Polly.Core": "8.4.2"
        }
      },
      "Swashbuckle.AspNetCore.Swagger": {
        "type": "Transitive",
        "resolved": "10.1.4",
        "contentHash": "4ac45rVXsgustOXx6abChvIXtWjc1gUgwEpExz8pkQTTXjVTuRtfyMCN0srgxwpIAw/UoH/LYcbgqrjRcYwhfg==",
        "dependencies": {
          "Microsoft.OpenApi": "2.4.1"
        }
      },
      "System.ClientModel": {
        "type": "Transitive",
        "resolved": "1.8.1",
        "contentHash": "4oUQgw/vaO4FBOk3YsH40hbrjxRED1l95rRLvTMtHXfQxapXya9IfPpm/KgwValFFtYTfYGFOs/qzGmGyexicQ==",
        "dependencies": {
          "System.Memory.Data": "8.0.1"
        }
      },
      "System.IO.Hashing": {
        "type": "Transitive",
        "resolved": "10.0.1",
        "contentHash": "Dy6ULPb2S0GmNndjKrEIpfibNsc8+FTOoZnqygtFDuyun8vWboQbfMpQtKUXpgTxokR5E4zFHETpNnGfeWY6NA=="
      },
      "System.Memory.Data": {
        "type": "Transitive",
        "resolved": "8.0.1",
        "contentHash": "BVYuec3jV23EMRDeR7Dr1/qhx7369dZzJ9IWy2xylvb4YfXsrUxspWc4UWYid/tj4zZK58uGZqn2WQiaDMhmAg=="
      },
      "System.Numerics.Tensors": {
        "type": "Transitive",
        "resolved": "10.0.3",
        "contentHash": "calKQ5nqV98lVRSCV7KFrlmw7nE7z6qIBWnMP+f7xAzY9H1cO15zJmkuZYM9RxYXDzQyI60/+dXd65UUY4HZFQ=="
      },
      "System.Security.Cryptography.ProtectedData": {
        "type": "Transitive",
        "resolved": "4.5.0",
        "contentHash": "wLBKzFnDCxP12VL9ANydSYhk59fC4cvOr9ypYQLPnAj48NQIhqnjdD2yhP8yEKyBJEjERWS9DisKL7rX5eU25Q=="
      },
      "agents": {
        "type": "Project",
        "dependencies": {
          "A2A": "[0.3.3-preview, )",
          "Azure.AI.OpenAI": "[2.8.0-beta.1, )",
          "Infrastructure": "[1.0.0, )",
          "Microsoft.Agents.AI": "[1.0.0-rc2, )",
          "Microsoft.Agents.AI.A2A": "[1.0.0-preview.260225.1, )",
          "Microsoft.Agents.AI.Declarative": "[1.0.0-rc2, )",
          "Microsoft.Agents.AI.OpenAI": "[1.0.0-rc2, )",
          "Microsoft.Agents.AI.Workflows": "[1.0.0-rc2, )",
          "Microsoft.Extensions.AI": "[10.3.0, )"
        }
      },
      "infrastructure": {
        "type": "Project",
        "dependencies": {
          "Azure.Storage.Blobs": "[12.27.0, )",
          "Microsoft.Agents.AI.Workflows": "[1.0.0-rc2, )",
          "Microsoft.Extensions.Azure": "[1.13.1, )"
        }
      },
      "servicedefaults": {
        "type": "Project",
        "dependencies": {
          "Microsoft.Extensions.Http.Resilience": "[10.3.0, )",
          "Microsoft.Extensions.ServiceDiscovery": "[10.3.0, )",
          "OpenTelemetry.Exporter.OpenTelemetryProtocol": "[1.15.0, )",
          "OpenTelemetry.Extensions.Hosting": "[1.15.0, )",
          "OpenTelemetry.Instrumentation.AspNetCore": "[1.15.0, )",
          "OpenTelemetry.Instrumentation.Http": "[1.15.0, )",
          "OpenTelemetry.Instrumentation.Runtime": "[1.15.0, )"
        }
      },
      "travel.agents": {
        "type": "Project",
        "dependencies": {
          "Agents": "[1.0.0, )",
          "Azure.AI.OpenAI": "[2.8.0-beta.1, )",
          "Infrastructure": "[1.0.0, )",
          "Microsoft.Agents.AI": "[1.0.0-rc2, )",
          "Microsoft.Agents.AI.Hosting.A2A": "[1.0.0-preview.260225.1, )",
          "Microsoft.AspNetCore.OpenApi": "[10.0.3, )",
          "Microsoft.Extensions.AI": "[10.3.0, )",
          "Microsoft.Extensions.AI.OpenAI": "[10.3.0, )",
          "Microsoft.VisualStudio.Azure.Containers.Tools.Targets": "[1.23.0, )",
          "ModelContextProtocol": "[1.0.0, )"
        }
      },
      "travel.experience.application": {
        "type": "Project",
        "dependencies": {
          "Agents": "[1.0.0, )",
          "Azure.AI.OpenAI": "[2.8.0-beta.1, )",
          "Microsoft.Agents.AI": "[1.0.0-rc2, )",
          "Microsoft.AspNetCore.OpenApi": "[10.0.3, )",
          "Microsoft.Extensions.AI": "[10.3.0, )",
          "Microsoft.Extensions.AI.OpenAI": "[10.3.0, )",
          "Microsoft.VisualStudio.Azure.Containers.Tools.Targets": "[1.23.0, )",
          "Travel.Workflows": "[1.0.0, )"
        }
      },
      "travel.workflows": {
        "type": "Project",
        "dependencies": {
          "Agents": "[1.0.0, )",
          "Azure.AI.OpenAI": "[2.8.0-beta.1, )",
          "Microsoft.Agents.AI": "[1.0.0-rc2, )",
          "Microsoft.Agents.AI.Workflows": "[1.0.0-rc2, )",
          "ModelContextProtocol": "[1.0.0, )",
          "Travel.Agents": "[1.0.0, )"
        }
      },
      "A2A": {
        "type": "CentralTransitive",
        "requested": "[0.3.3-preview, )",
        "resolved": "0.3.3-preview",
        "contentHash": "mZZirfa+W9UgjPIMlAtMan2qRh2mCEBRjOpD1siw0ykMXXjh8hg71RPZcYnmZyq0k+tQv9Ox1VaKn1YLbYK/NA==",
        "dependencies": {
          "Microsoft.Extensions.AI.Abstractions": "9.10.0"
        }
      },
      "Azure.Identity": {
        "type": "CentralTransitive",
        "requested": "[1.17.1, )",
        "resolved": "1.17.1",
        "contentHash": "MSZkBrctcpiGxs9Cvr2VKKoN6qFLZlP3I6xuCWJ9iTgitI5Rgxtk5gfOSpXPZE3+CJmZ/mnqpQyGyjawFn5Vvg==",
        "dependencies": {
          "Azure.Core": "1.50.0",
          "Microsoft.Identity.Client": "4.78.0",
          "Microsoft.Identity.Client.Extensions.Msal": "4.78.0"
        }
      },
      "Azure.Storage.Blobs": {
        "type": "CentralTransitive",
        "requested": "[12.27.0, )",
        "resolved": "12.27.0",
        "contentHash": "zI5rg1tTtnA8T2g2/21l+1iIUdDjpEQQ0FI1BabJVEQJ1JUyTQKrc41eNabAHs0SBHprl6pu/6OqIMK9Ve+4tQ==",
        "dependencies": {
          "Azure.Core": "1.50.0",
          "Azure.Storage.Common": "12.26.0"
        }
      },
      "Microsoft.Agents.AI": {
        "type": "CentralTransitive",
        "requested": "[1.0.0-rc2, )",
        "resolved": "1.0.0-rc2",
        "contentHash": "vjexD+LjdcPkNd3K8mgHO+vu+2E6ud5pymcx8JUiS6I91Zu2nHe2uIBeF9EpLPbylnTWM20Y2qU/dHwkiqqSaA==",
        "dependencies": {
          "Microsoft.Agents.AI.Abstractions": "1.0.0-rc2",
          "Microsoft.Extensions.AI": "10.3.0",
          "Microsoft.Extensions.AI.Abstractions": "10.3.0",
          "Microsoft.Extensions.VectorData.Abstractions": "9.7.0"
        }
      },
      "Microsoft.Agents.AI.A2A": {
        "type": "CentralTransitive",
        "requested": "[1.0.0-preview.260225.1, )",
        "resolved": "1.0.0-preview.260225.1",
        "contentHash": "QR9Z9XlOXcsjmuALZvdduxX/3kavhieMSt/bYXzzwtv5lThbc7jhZBSfYQgzS6LNAnm8xusBKGoXQEqSAtCUiw==",
        "dependencies": {
          "A2A": "0.3.3-preview",
          "Microsoft.Agents.AI.Abstractions": "1.0.0-rc2",
          "Microsoft.Extensions.AI.Abstractions": "10.3.0"
        }
      },
      "Microsoft.Agents.AI.Abstractions": {
        "type": "CentralTransitive",
        "requested": "[1.0.0-preview.260209.1, )",
        "resolved": "1.0.0-rc2",
        "contentHash": "rPIf+1nqCzsqlpPRyfTgvvqViqTEMCqehI8MrpvtUdo+uc9MfHBVTH8tWMLsvKuvmLyz1b3gLX3eJTkFycp/2g==",
        "dependencies": {
          "Microsoft.Extensions.AI.Abstractions": "10.3.0"
        }
      },
      "Microsoft.Agents.AI.Declarative": {
        "type": "CentralTransitive",
        "requested": "[1.0.0-rc2, )",
        "resolved": "1.0.0-rc2",
        "contentHash": "OpfPXNjlryLGH8/gYsf0dOALdy8elP2r5vSwCSmIaCmu7JR6SEwXn4/5L6Ig329PTcVqLnglujXmGIkIpYxwbg==",
        "dependencies": {
          "Microsoft.Agents.AI": "1.0.0-rc2",
          "Microsoft.Agents.AI.Abstractions": "1.0.0-rc2",
          "Microsoft.Agents.ObjectModel": "2026.2.4.1",
          "Microsoft.Agents.ObjectModel.Json": "2026.2.4.1",
          "Microsoft.Agents.ObjectModel.PowerFx": "2026.2.4.1",
          "Microsoft.Bcl.AsyncInterfaces": "10.0.3",
          "Microsoft.Bcl.HashCode": "6.0.0",
          "Microsoft.Extensions.AI": "10.3.0",
          "Microsoft.Extensions.AI.Abstractions": "10.3.0",
          "Microsoft.Extensions.VectorData.Abstractions": "9.7.0",
          "Microsoft.PowerFx.Interpreter": "1.8.1"
        }
      },
      "Microsoft.Agents.AI.Hosting.A2A": {
        "type": "CentralTransitive",
        "requested": "[1.0.0-preview.260225.1, )",
        "resolved": "1.0.0-preview.260225.1",
        "contentHash": "psfl81s67NtApzQGPbQFTg3vPLOo4pZa2dx31Xey/kdTp3h2iIekFgqYangVq6KczXxYuWjAk/iTYYdJVGzy2g==",
        "dependencies": {
          "A2A": "0.3.3-preview",
          "Microsoft.Agents.AI.Abstractions": "1.0.0-rc2",
          "Microsoft.Agents.AI.Hosting": "1.0.0-preview.260225.1",
          "Microsoft.Extensions.AI": "10.3.0",
          "Microsoft.Extensions.AI.Abstractions": "10.3.0",
          "Microsoft.Extensions.VectorData.Abstractions": "9.7.0",
          "OpenTelemetry.Api": "1.13.1"
        }
      },
      "Microsoft.Agents.AI.OpenAI": {
        "type": "CentralTransitive",
        "requested": "[1.0.0-rc2, )",
        "resolved": "1.0.0-rc2",
        "contentHash": "hMYPh53f6F+9vD7oqgGVfkSJdjj6Xc38hI4B0UNGWqMSKvpRm04asb+xFHLddhqDSYCSTZsH7DP58u8dYSBgKg==",
        "dependencies": {
          "Microsoft.Agents.AI": "1.0.0-rc2",
          "Microsoft.Extensions.AI": "10.3.0",
          "Microsoft.Extensions.AI.Abstractions": "10.3.0",
          "Microsoft.Extensions.AI.OpenAI": "10.3.0",
          "Microsoft.Extensions.VectorData.Abstractions": "9.7.0",
          "OpenAI": "2.8.0",
          "System.ClientModel": "1.8.1"
        }
      },
      "Microsoft.Agents.AI.Workflows": {
        "type": "CentralTransitive",
        "requested": "[1.0.0-rc2, )",
        "resolved": "1.0.0-rc2",
        "contentHash": "wb/tEQifcVZIElm93IUivXuA5+A6Hg/tZ8qzCoPeQja/0vIaJmjhWcUt+yGOyHcLnSnxfNE21wzImkkvTVz88w==",
        "dependencies": {
          "Microsoft.Agents.AI": "1.0.0-rc2",
          "Microsoft.Agents.AI.Abstractions": "1.0.0-rc2",
          "Microsoft.Extensions.AI": "10.3.0",
          "Microsoft.Extensions.AI.Abstractions": "10.3.0",
          "Microsoft.Extensions.VectorData.Abstractions": "9.7.0",
          "OpenTelemetry.Api": "1.13.1"
        }
      },
      "Microsoft.Extensions.AI": {
        "type": "CentralTransitive",
        "requested": "[10.3.0, )",
        "resolved": "10.3.0",
        "contentHash": "zJYAHVM+zA74MNHifAyYE/jnfilI5WOnyQqnYobQZ5JW1VRSMGfQl/oqYdK3p2AdQOX8VcxSW6C+UsZYnpFB+A==",
        "dependencies": {
          "Microsoft.Extensions.AI.Abstractions": "10.3.0",
          "System.Numerics.Tensors": "10.0.3"
        }
      },
      "Microsoft.Extensions.AI.OpenAI": {
        "type": "CentralTransitive",
        "requested": "[10.3.0, )",
        "resolved": "10.3.0",
        "contentHash": "+TAHAJy2+m5zazGLuwz6PbcMu6EmhxR+LmRhmz8+O3BBnfuGWVJOBGDeKAaSvIQDzKFYCLOrE4ZH0IbdLHVlKw==",
        "dependencies": {
          "Microsoft.Extensions.AI.Abstractions": "10.3.0",
          "OpenAI": "2.8.0"
        }
      },
      "Microsoft.Extensions.Azure": {
        "type": "CentralTransitive",
        "requested": "[1.13.1, )",
        "resolved": "1.13.1",
        "contentHash": "AIP7ud1rcQTRfzgne5Jw0P+zjx8ojGawwRuBVrYWgA/a+TKW3CaoQK/sYUcrbxYSVv6FT8rSwTlMecC0MwEbOQ==",
        "dependencies": {
          "Azure.Core": "1.50.0",
          "Azure.Identity": "1.17.1"
        }
      },
      "Microsoft.Extensions.Http.Resilience": {
        "type": "CentralTransitive",
        "requested": "[10.3.0, )",
        "resolved": "10.3.0",
        "contentHash": "P4+s/eUH3dZdn1HnivSL2dh6/Jb0ndLt2l88oQPZ9BYdyb4tSRAsnz4QkJHGfPA9lS/XblI5QYsxEdfkurPvIg==",
        "dependencies": {
          "Microsoft.Extensions.Http.Diagnostics": "10.3.0",
          "Microsoft.Extensions.Resilience": "10.3.0"
        }
      },
      "Microsoft.Extensions.ServiceDiscovery": {
        "type": "CentralTransitive",
        "requested": "[10.3.0, )",
        "resolved": "10.3.0",
        "contentHash": "C7onh6YDQKbZjKmAWEef1RDosjxPxA3PZdLob5lhS1AQuKgw0vTHnCKUA1KAhNlzhyfOPVP6tc0cLIPCDoBvoA==",
        "dependencies": {
          "Microsoft.Extensions.ServiceDiscovery.Abstractions": "10.3.0"
        }
      },
      "ModelContextProtocol": {
        "type": "CentralTransitive",
        "requested": "[1.0.0, )",
        "resolved": "1.0.0",
        "contentHash": "W7UX8AQ1qMjXyCDcpP25u/L1W2vIIgfhLX/B2ZtTU1VUyILXdmVbdRjkQesKVPT/wPMpYXIHUcZJTPdsGfKSfQ==",
        "dependencies": {
          "ModelContextProtocol.Core": "1.0.0"
        }
      },
      "OpenTelemetry": {
        "type": "CentralTransitive",
        "requested": "[1.15.0, )",
        "resolved": "1.15.0",
        "contentHash": "7mS/oZFF8S6xyqGQfMU1btp0nXJQUPWV535Vp/XMLYwRAUv36xQN+U4vufWBF1+z4HnRTOwuFHtUSGnHbyN6FQ==",
        "dependencies": {
          "OpenTelemetry.Api.ProviderBuilderExtensions": "1.15.0"
        }
      },
      "OpenTelemetry.Exporter.OpenTelemetryProtocol": {
        "type": "CentralTransitive",
        "requested": "[1.15.0, )",
        "resolved": "1.15.0",
        "contentHash": "VH8ANc/js9IRvfYt0Q2UaAxNCOWm+IU+vWrtoH7pfx4oWPVdISUt+9uWfBCFMWZg5WzQip5dhslyDjeyZXXfSQ==",
        "dependencies": {
          "OpenTelemetry": "1.15.0"
        }
      },
      "OpenTelemetry.Extensions.Hosting": {
        "type": "CentralTransitive",
        "requested": "[1.15.0, )",
        "resolved": "1.15.0",
        "contentHash": "RixjKyB1pbYGhWdvPto4KJs+exdQknJsnjUO9WszdLles5Vcd0EYzxPNJdwmLjYfP+Jfbr4B5nktM4ZgeHSWtg==",
        "dependencies": {
          "OpenTelemetry": "1.15.0"
        }
      },
      "OpenTelemetry.Instrumentation.AspNetCore": {
        "type": "CentralTransitive",
        "requested": "[1.15.0, )",
        "resolved": "1.15.0",
        "contentHash": "mte1nRYefxjed2syXgVWq3UCfMKO7MkebvTZmf0O1aLgVgCktLsVjQ6mftyjIbWGBBCHN0wg+Glxj8BSFS70pQ==",
        "dependencies": {
          "OpenTelemetry.Api.ProviderBuilderExtensions": "[1.15.0, 2.0.0)"
        }
      },
      "OpenTelemetry.Instrumentation.Http": {
        "type": "CentralTransitive",
        "requested": "[1.15.0, )",
        "resolved": "1.15.0",
        "contentHash": "uToc7bUp8IEdb0ny9mKsL6FrrYelINPzxxiSShJgOf4XmQc4Azww6S5RjRj24YhsOn2a1MABOrxfVTZXtDk4Eg==",
        "dependencies": {
          "OpenTelemetry.Api.ProviderBuilderExtensions": "[1.15.0, 2.0.0)"
        }
      },
      "OpenTelemetry.Instrumentation.Runtime": {
        "type": "CentralTransitive",
        "requested": "[1.15.0, )",
        "resolved": "1.15.0",
        "contentHash": "OOvpqR/j2Pb6+tWhHNODIbSJ53Or/MDtTiXEyrsWI02K2lLAgvBFcxUOrHggS/8015cYR3AdSaXv6NZrkz5yQA==",
        "dependencies": {
          "OpenTelemetry.Api": "[1.15.0, 2.0.0)"
        }
      },
      "Swashbuckle.AspNetCore.SwaggerGen": {
        "type": "CentralTransitive",
        "requested": "[10.1.0, )",
        "resolved": "10.1.4",
        "contentHash": "gbh8gJ97lMw0ScCdbEhAzwlHSWKiTzYtHfS6/e7u4e4c0ms6mOccLFgRsWF0ekgpDh+AlA0yWc5X5ec+6cxCXQ==",
        "dependencies": {
          "Swashbuckle.AspNetCore.Swagger": "10.1.4"
        }
      },
      "Swashbuckle.AspNetCore.SwaggerUI": {
        "type": "CentralTransitive",
        "requested": "[10.1.0, )",
        "resolved": "10.1.4",
        "contentHash": "A1ewmv/Xq5YkjQoSW29Kc9IoIC6pu210F1Fmzmj1EO7QJLTs6w3tOJatST6s41+Y8eUr5A1JLiXZ14U5EgN6ow=="
      }
    }
  }
}