
Microsoft Visual Studio Solution File, Format Version 12.00
# Visual Studio Version 17
VisualStudioVersion = 17.14.36518.9
MinimumVisualStudioVersion = 10.0.40219.1
Project("{FAE04EC0-301F-11D3-BF4B-00C04F79EFBC}") = "Api", "Api\Api.csproj", "{CBFA08EA-AECE-205F-7B85-326FD0B81BAD}"
EndProject
Project("{2150E333-8FDC-42A3-9474-1A3956D46DE8}") = "Aspire", "Aspire", "{02EA681E-C7D8-13C7-8484-4AC65E1B71E8}"
EndProject
Project("{FAE04EC0-301F-11D3-BF4B-00C04F79EFBC}") = "ServiceDefaults", "ServiceDefaults\ServiceDefaults.csproj", "{DF6E482A-0DB8-5DE4-EF1E-8E4FEDE79145}"
EndProject
Project("{FAE04EC0-301F-11D3-BF4B-00C04F79EFBC}") = "AppHost", "AppHost\AppHost.csproj", "{82969919-02A7-82FB-319B-BC53DA90DEF4}"
EndProject
Project("{FAE04EC0-301F-11D3-BF4B-00C04F79EFBC}") = "Application", "Application\Application.csproj", "{6403AA74-2836-4AC5-A327-437C2778CC33}"
EndProject
Project("{FAE04EC0-301F-11D3-BF4B-00C04F79EFBC}") = "Tests", "Tests\Tests.csproj", "{5556AC49-98A6-4EC7-8CA1-01C3E45148CB}"
EndProject
Project("{FAE04EC0-301F-11D3-BF4B-00C04F79EFBC}") = "ConsoleApp", "ConsoleApp\ConsoleApp.csproj", "{418A77A5-DC5C-48EB-B4F9-ABF8CE21B5CB}"
EndProject
Global
	GlobalSection(SolutionConfigurationPlatforms) = preSolution
		Debug|Any CPU = Debug|Any CPU
		Release|Any CPU = Release|Any CPU
	EndGlobalSection
	GlobalSection(ProjectConfigurationPlatforms) = postSolution
		{CBFA08EA-AECE-205F-7B85-326FD0B81BAD}.Debug|Any CPU.ActiveCfg = Debug|Any CPU
		{CBFA08EA-AECE-205F-7B85-326FD0B81BAD}.Debug|Any CPU.Build.0 = Debug|Any CPU
		{CBFA08EA-AECE-205F-7B85-326FD0B81BAD}.Release|Any CPU.ActiveCfg = Release|Any CPU
		{CBFA08EA-AECE-205F-7B85-326FD0B81BAD}.Release|Any CPU.Build.0 = Release|Any CPU
		{DF6E482A-0DB8-5DE4-EF1E-8E4FEDE79145}.Debug|Any CPU.ActiveCfg = Debug|Any CPU
		{DF6E482A-0DB8-5DE4-EF1E-8E4FEDE79145}.Debug|Any CPU.Build.0 = Debug|Any CPU
		{DF6E482A-0DB8-5DE4-EF1E-8E4FEDE79145}.Release|Any CPU.ActiveCfg = Release|Any CPU
		{DF6E482A-0DB8-5DE4-EF1E-8E4FEDE79145}.Release|Any CPU.Build.0 = Release|Any CPU
		{82969919-02A7-82FB-319B-BC53DA90DEF4}.Debug|Any CPU.ActiveCfg = Debug|Any CPU
		{82969919-02A7-82FB-319B-BC53DA90DEF4}.Debug|Any CPU.Build.0 = Debug|Any CPU
		{82969919-02A7-82FB-319B-BC53DA90DEF4}.Release|Any CPU.ActiveCfg = Release|Any CPU
		{82969919-02A7-82FB-319B-BC53DA90DEF4}.Release|Any CPU.Build.0 = Release|Any CPU
		{6403AA74-2836-4AC5-A327-437C2778CC33}.Debug|Any CPU.ActiveCfg = Debug|Any CPU
		{6403AA74-2836-4AC5-A327-437C2778CC33}.Debug|Any CPU.Build.0 = Debug|Any CPU
		{6403AA74-2836-4AC5-A327-437C2778CC33}.Release|Any CPU.ActiveCfg = Release|Any CPU
		{6403AA74-2836-4AC5-A327-437C2778CC33}.Release|Any CPU.Build.0 = Release|Any CPU
		{5556AC49-98A6-4EC7-8CA1-01C3E45148CB}.Debug|Any CPU.ActiveCfg = Debug|Any CPU
		{5556AC49-98A6-4EC7-8CA1-01C3E45148CB}.Debug|Any CPU.Build.0 = Debug|Any CPU
		{5556AC49-98A6-4EC7-8CA1-01C3E45148CB}.Release|Any CPU.ActiveCfg = Release|Any CPU
		{5556AC49-98A6-4EC7-8CA1-01C3E45148CB}.Release|Any CPU.Build.0 = Release|Any CPU
		{418A77A5-DC5C-48EB-B4F9-ABF8CE21B5CB}.Debug|Any CPU.ActiveCfg = Debug|Any CPU
		{418A77A5-DC5C-48EB-B4F9-ABF8CE21B5CB}.Debug|Any CPU.Build.0 = Debug|Any CPU
		{418A77A5-DC5C-48EB-B4F9-ABF8CE21B5CB}.Release|Any CPU.ActiveCfg = Release|Any CPU
		{418A77A5-DC5C-48EB-B4F9-ABF8CE21B5CB}.Release|Any CPU.Build.0 = Release|Any CPU
	EndGlobalSection
	GlobalSection(SolutionProperties) = preSolution
		HideSolutionNode = FALSE
	EndGlobalSection
	GlobalSection(NestedProjects) = preSolution
		{DF6E482A-0DB8-5DE4-EF1E-8E4FEDE79145} = {02EA681E-C7D8-13C7-8484-4AC65E1B71E8}
		{82969919-02A7-82FB-319B-BC53DA90DEF4} = {02EA681E-C7D8-13C7-8484-4AC65E1B71E8}
	EndGlobalSection
	GlobalSection(ExtensibilityGlobals) = postSolution
		SolutionGuid = {CECF4BFE-6870-4849-BFB1-EC0B46CF01E1}
	EndGlobalSection
EndGlobal
