{
  "version": 2,
  "dependencies": {
    "net10.0": {
      "A2A": {
        "type": "Direct",
        "requested": "[0.3.3-preview, )",
        "resolved": "0.3.3-preview",
        "contentHash": "mZZirfa+W9UgjPIMlAtMan2qRh2mCEBRjOpD1siw0ykMXXjh8hg71RPZcYnmZyq0k+tQv9Ox1VaKn1YLbYK/NA==",
        "dependencies": {
          "Microsoft.Extensions.AI.Abstractions": "9.10.0",
          "Microsoft.Extensions.Logging.Abstractions": "9.0.10"
        }
      },
      "Azure.AI.OpenAI": {
        "type": "Direct",
        "requested": "[2.8.0-beta.1, )",
        "resolved": "2.8.0-beta.1",
        "contentHash": "hxV4iOVbeErzB+Ah0Rx393Efk9GoqQDu74t7ObdXP9Yo9VAsgocozICEP0skqBJubo/KQGf7anyZjaeP/sB2lA==",
        "dependencies": {
          "Azure.Core": "1.50.0",
          "OpenAI": "2.8.0"
        }
      },
      "Microsoft.Agents.AI": {
        "type": "Direct",
        "requested": "[1.0.0-rc4, )",
        "resolved": "1.0.0-rc4",
        "contentHash": "fDsowhBBbWjJmm7kT0RJG4ED3I5X5xqsOg4R4gW2eR/ptzT2OLqsOJiO0rCPUrqWsPcpL0hbCD0heD4oMfirFQ==",
        "dependencies": {
          "Microsoft.Agents.AI.Abstractions": "1.0.0-rc4",
          "Microsoft.Extensions.AI": "10.3.0",
          "Microsoft.Extensions.AI.Abstractions": "10.3.0",
          "Microsoft.Extensions.DependencyInjection.Abstractions": "10.0.3",
          "Microsoft.Extensions.Logging.Abstractions": "10.0.3",
          "Microsoft.Extensions.VectorData.Abstractions": "9.7.0",
          "Microsoft.ML.Tokenizers": "2.0.0"
        }
      },
      "Microsoft.Agents.AI.A2A": {
        "type": "Direct",
        "requested": "[1.0.0-preview.260311.1, )",
        "resolved": "1.0.0-preview.260311.1",
        "contentHash": "9MooIIdMQmVvRvD6JFjknvf1yLqZIHX4dAS3RoyE1sXnFOhifgU635GCbLOqCMoLHfF9klgnQPu5OQa1nUJAlA==",
        "dependencies": {
          "A2A": "0.3.3-preview",
          "Microsoft.Agents.AI.Abstractions": "1.0.0-rc4",
          "Microsoft.Extensions.AI.Abstractions": "10.3.0",
          "Microsoft.Extensions.DependencyInjection.Abstractions": "10.0.3",
          "Microsoft.Extensions.Logging.Abstractions": "10.0.3"
        }
      },
      "Microsoft.Agents.AI.Declarative": {
        "type": "Direct",
        "requested": "[1.0.0-rc4, )",
        "resolved": "1.0.0-rc4",
        "contentHash": "EM9eY1a3/ombNbxtXViJ7zrW01EypryTsAUQLgBFLwqjsfG4cg73LXtu4VsacZWrCAZVufB5NnDL3FY9SltfJQ==",
        "dependencies": {
          "Microsoft.Agents.AI": "1.0.0-rc4",
          "Microsoft.Agents.AI.Abstractions": "1.0.0-rc4",
          "Microsoft.Agents.ObjectModel": "2026.2.4.1",
          "Microsoft.Agents.ObjectModel.Json": "2026.2.4.1",
          "Microsoft.Agents.ObjectModel.PowerFx": "2026.2.4.1",
          "Microsoft.Bcl.AsyncInterfaces": "10.0.3",
          "Microsoft.Bcl.HashCode": "6.0.0",
          "Microsoft.Extensions.AI": "10.3.0",
          "Microsoft.Extensions.AI.Abstractions": "10.3.0",
          "Microsoft.Extensions.Configuration": "10.0.0",
          "Microsoft.Extensions.DependencyInjection": "10.0.0",
          "Microsoft.Extensions.DependencyInjection.Abstractions": "10.0.3",
          "Microsoft.Extensions.Logging": "10.0.0",
          "Microsoft.Extensions.Logging.Abstractions": "10.0.3",
          "Microsoft.Extensions.VectorData.Abstractions": "9.7.0",
          "Microsoft.ML.Tokenizers": "2.0.0",
          "Microsoft.PowerFx.Interpreter": "1.8.1"
        }
      },
      "Microsoft.Agents.AI.OpenAI": {
        "type": "Direct",
        "requested": "[1.0.0-rc4, )",
        "resolved": "1.0.0-rc4",
        "contentHash": "tSie6i/Bo7KGPuTCAPz0sC1LX9OtRPp3ssRHBssBpd+e1noHLQULxfbMkT9x71tUgmgCOr25JaQ7My2egnseNQ==",
        "dependencies": {
          "Microsoft.Agents.AI": "1.0.0-rc4",
          "Microsoft.Extensions.AI": "10.3.0",
          "Microsoft.Extensions.AI.Abstractions": "10.3.0",
          "Microsoft.Extensions.AI.OpenAI": "10.3.0",
          "Microsoft.Extensions.DependencyInjection.Abstractions": "10.0.3",
          "Microsoft.Extensions.Logging.Abstractions": "10.0.3",
          "Microsoft.Extensions.VectorData.Abstractions": "9.7.0",
          "Microsoft.ML.Tokenizers": "2.0.0",
          "OpenAI": "2.8.0",
          "System.ClientModel": "1.9.0"
        }
      },
      "Microsoft.Agents.AI.Workflows": {
        "type": "Direct",
        "requested": "[1.0.0-rc4, )",
        "resolved": "1.0.0-rc4",
        "contentHash": "Zv7ejlslPVA2pCUdA6cCpiBZH5/x2uiiXPcs/TGeD357hIc7seLdytjD3mplt0ZK54CtcdOUEKBk949vyMZDcA==",
        "dependencies": {
          "Microsoft.Agents.AI": "1.0.0-rc4",
          "Microsoft.Agents.AI.Abstractions": "1.0.0-rc4",
          "Microsoft.Extensions.AI": "10.3.0",
          "Microsoft.Extensions.AI.Abstractions": "10.3.0",
          "Microsoft.Extensions.DependencyInjection.Abstractions": "10.0.3",
          "Microsoft.Extensions.Logging.Abstractions": "10.0.3",
          "Microsoft.Extensions.VectorData.Abstractions": "9.7.0",
          "Microsoft.ML.Tokenizers": "2.0.0",
          "OpenTelemetry.Api": "1.13.1"
        }
      },
      "Microsoft.Extensions.AI": {
        "type": "Direct",
        "requested": "[10.4.0, )",
        "resolved": "10.4.0",
        "contentHash": "7kKIuaUMFWikveZUjSrs53XfMVV7IDGSDaGp6/y/hV0HXsA7N2oIODZWxtEkEj8Q4cd/Oc/VlsVlg8efof7gFA==",
        "dependencies": {
          "Microsoft.Extensions.AI.Abstractions": "10.4.0",
          "Microsoft.Extensions.Caching.Abstractions": "10.0.4",
          "Microsoft.Extensions.DependencyInjection.Abstractions": "10.0.4",
          "Microsoft.Extensions.Logging.Abstractions": "10.0.4",
          "System.Numerics.Tensors": "10.0.4"
        }
      },
      "Azure.Core": {
        "type": "Transitive",
        "resolved": "1.50.0",
        "contentHash": "GBNKZEhdIbTXxedvD3R7I/yDVFX9jJJEz02kCziFSJxspSQ5RMHc3GktulJ1s7+ffXaXD7kMgrtdQTaggyInLw==",
        "dependencies": {
          "Microsoft.Bcl.AsyncInterfaces": "8.0.0",
          "System.ClientModel": "1.8.0",
          "System.Memory.Data": "8.0.1"
        }
      },
      "Google.Protobuf": {
        "type": "Transitive",
        "resolved": "3.30.2",
        "contentHash": "Y2aOVLIt75yeeEWigg9V9YnjsEm53sADtLGq0gLhwaXpk3iu8tYSoauolyhenagA2sWno2TQ2WujI0HQd6s1Vw=="
      },
      "Microsoft.Agents.ObjectModel": {
        "type": "Transitive",
        "resolved": "2026.2.4.1",
        "contentHash": "oRDis65oGYzrZpSlAyw4Jzv/am4KlbPG1bRdMfsIz2oT6XOyP1Gio7/cUYbrZIj5bj0O5HfYPzRAuwn2VFlTBA==",
        "dependencies": {
          "Microsoft.Bcl.HashCode": "1.1.0"
        }
      },
      "Microsoft.Agents.ObjectModel.Json": {
        "type": "Transitive",
        "resolved": "2026.2.4.1",
        "contentHash": "2xRhrL+hMpSSt0kCIqgusgQmn3rE0+ggSx1nG2ryNHIvWZcDng2kvSdJfRVTUoevDtyULuoW5R19zLfd/MmKcw==",
        "dependencies": {
          "Microsoft.Agents.ObjectModel": "2026.2.4.1"
        }
      },
      "Microsoft.Agents.ObjectModel.PowerFx": {
        "type": "Transitive",
        "resolved": "2026.2.4.1",
        "contentHash": "w+SUQc9K2ygzpzewh0hvNCRAfhDAi4xl9+oEnHLHb3MJxhOdBpqbejwlLS4g00d1lVUypXvv9xfBcr/IKvef4A==",
        "dependencies": {
          "Microsoft.Agents.ObjectModel": "2026.2.4.1",
          "Microsoft.Agents.ObjectModel.Json": "2026.2.4.1",
          "Microsoft.PowerFx.Interpreter": "1.8.1",
          "Microsoft.PowerFx.Json": "1.8.1",
          "Microsoft.PowerFx.LanguageServerProtocol": "1.8.1"
        }
      },
      "Microsoft.Bcl.AsyncInterfaces": {
        "type": "Transitive",
        "resolved": "10.0.3",
        "contentHash": "TV62UsrJZPX6gbt3c4WrtXh7bmaDIcMqf9uft1cc4L6gJXOU07hDGEh+bFQh/L2Az0R1WVOkiT66lFqS6G2NmA=="
      },
      "Microsoft.Bcl.HashCode": {
        "type": "Transitive",
        "resolved": "6.0.0",
        "contentHash": "GI4jcoi6eC9ZhNOQylIBaWOQjyGaR8T6N3tC1u8p3EXfndLCVNNWa+Zp+ocjvvS3kNBN09Zma2HXL0ezO0dRfw=="
      },
      "Microsoft.Extensions.AI.Abstractions": {
        "type": "Transitive",
        "resolved": "10.4.0",
        "contentHash": "t3S2H4do4YeNheIfE3GEl3MnKIrnxpbLu7a88spfApYR3in9ddhIq/GMtxgMaFjn/PUMTCFv5YH7Y6Q91dsDXQ=="
      },
      "Microsoft.Extensions.Caching.Abstractions": {
        "type": "Transitive",
        "resolved": "10.0.4",
        "contentHash": "uDRooaV6N3WZ0kdlNPMB68/MdGn/in1Fs7Db7DnIm85RBTPy4P321WO+daAImiYpH5dekjNggDqy1N44WaIlMA==",
        "dependencies": {
          "Microsoft.Extensions.Primitives": "10.0.4"
        }
      },
      "Microsoft.Extensions.Configuration": {
        "type": "Transitive",
        "resolved": "10.0.0",
        "contentHash": "H4SWETCh/cC5L1WtWchHR6LntGk3rDTTznZMssr4cL8IbDmMWBxY+MOGDc/ASnqNolLKPIWHWeuC1ddiL/iNPw==",
        "dependencies": {
          "Microsoft.Extensions.Configuration.Abstractions": "10.0.0",
          "Microsoft.Extensions.Primitives": "10.0.0"
        }
      },
      "Microsoft.Extensions.DependencyInjection": {
        "type": "Transitive",
        "resolved": "10.0.0",
        "contentHash": "f0RBabswJq+gRu5a+hWIobrLWiUYPKMhCD9WO3sYBAdSy3FFH14LMvLVFZc2kPSCimBLxSuitUhsd6tb0TAY6A==",
        "dependencies": {
          "Microsoft.Extensions.DependencyInjection.Abstractions": "10.0.0"
        }
      },
      "Microsoft.Extensions.DependencyInjection.Abstractions": {
        "type": "Transitive",
        "resolved": "10.0.4",
        "contentHash": "SIe9zlVQJecnk/DTmevIcl6+aEDYhoVLc2eG2AKwVeNEC8CSyxHAbh4lf0xtHq9JUum0vVTEByGNTK+b6oihTQ=="
      },
      "Microsoft.Extensions.Diagnostics.Abstractions": {
        "type": "Transitive",
        "resolved": "10.0.2",
        "contentHash": "GaiaeKUuLuUbRPkUokndDuzonhO6dk4lcfGflHsCeXiJ5JrZxcyks1KuG6eB9pON16x/+9uWfa4w9g3oP8AYvQ==",
        "dependencies": {
          "Microsoft.Extensions.DependencyInjection.Abstractions": "10.0.2",
          "Microsoft.Extensions.Options": "10.0.2"
        }
      },
      "Microsoft.Extensions.FileProviders.Abstractions": {
        "type": "Transitive",
        "resolved": "10.0.2",
        "contentHash": "+r/eJ+slW/EmwWmH3En4gzRg1k6+yTqexoHBrMuz5fxsIKJA8MDiSGepjw/ko3XyNqg+w3dxQe+huoVXs5XDJw==",
        "dependencies": {
          "Microsoft.Extensions.Primitives": "10.0.2"
        }
      },
      "Microsoft.Extensions.Logging.Abstractions": {
        "type": "Transitive",
        "resolved": "10.0.4",
        "contentHash": "PDMMt7fvBatv6hcxxyJtXIzSwn7Dy00W6I2vDAOTYrQqNM2dF5A2L9n0uMzdPz2IPoNZWkAmYjoOCEdDLq0i4w==",
        "dependencies": {
          "Microsoft.Extensions.DependencyInjection.Abstractions": "10.0.4"
        }
      },
      "Microsoft.Extensions.Primitives": {
        "type": "Transitive",
        "resolved": "10.0.4",
        "contentHash": "lABYqiRH9HgYJsjzO3W7+cucUwWXhEkiyrRylANdIubnzcESlkIsLowXpQ4E+sc7kjMLbk1hk5oxw4qTKowTEg=="
      },
      "Microsoft.Extensions.VectorData.Abstractions": {
        "type": "Transitive",
        "resolved": "9.7.0",
        "contentHash": "Vth/omSCX2vR0JabzSRU/hdPhr0CvUVZlaS2lJPWHrEwvak8ntrQLDtLMtMiWKSvviGBe/WmjUW8gA3qqn9tjw==",
        "dependencies": {
          "Microsoft.Extensions.AI.Abstractions": "9.5.0"
        }
      },
      "Microsoft.ML.Tokenizers": {
        "type": "Transitive",
        "resolved": "2.0.0",
        "contentHash": "+b8lT4cLLO/sBR2hjvE/qG6qrZG15h7/PBvnIrzTh4xDaAxdHUY6449rC+1pHzQUsBiCHZVbj+VMn+xS0sL7TA==",
        "dependencies": {
          "Google.Protobuf": "3.30.2"
        }
      },
      "Microsoft.PowerFx.Core": {
        "type": "Transitive",
        "resolved": "1.8.1",
        "contentHash": "+pLraSpOL9u29pWI8wWoGXwJEmr79wzEuf2grnPrAHj06vz/958A7jwBAY0sFc9UOmz89U3WsWgGCONPj+xn/A==",
        "dependencies": {
          "Microsoft.Bcl.AsyncInterfaces": "6.0.0",
          "Microsoft.PowerFx.Transport.Attributes": "1.8.1"
        }
      },
      "Microsoft.PowerFx.Interpreter": {
        "type": "Transitive",
        "resolved": "1.8.1",
        "contentHash": "lVAvqvZ4JCvccAgFHnH9QfBoBx1MaZok5quhlCSJsYZbbcNOGMMGBcnGCiRr1Jrfs5SvHNuunV69+Vj/Kp8BNQ==",
        "dependencies": {
          "Microsoft.Bcl.AsyncInterfaces": "6.0.0",
          "Microsoft.PowerFx.Core": "1.8.1"
        }
      },
      "Microsoft.PowerFx.Json": {
        "type": "Transitive",
        "resolved": "1.8.1",
        "contentHash": "F37MImYfLC9MeTDDn7nMnvUWM53vDyuZL6zYNGJUEV8fvI5qc6+1EbyC7/IZbXREJbWd0uFb9mUnorcMG3M0ug==",
        "dependencies": {
          "Microsoft.PowerFx.Core": "1.8.1"
        }
      },
      "Microsoft.PowerFx.LanguageServerProtocol": {
        "type": "Transitive",
        "resolved": "1.8.1",
        "contentHash": "JFV1cdCv3sDZ66uxIW3qLpkxrf5PdJk3mGsnGGh3Mlvb9U0PiHsGg8Xho/XnYAWHs14z1D6gNQGECugpokdKGg==",
        "dependencies": {
          "Microsoft.PowerFx.Core": "1.8.1"
        }
      },
      "Microsoft.PowerFx.Transport.Attributes": {
        "type": "Transitive",
        "resolved": "1.8.1",
        "contentHash": "74zMpGpT+pSbSgRDbRf85sZT2v04XzpF5tDAEN/P8rlEndk7eZFhTJCzQIkpZ8GQauHXR97uQ+1DgC471XjpmA=="
      },
      "OpenAI": {
        "type": "Transitive",
        "resolved": "2.8.0",
        "contentHash": "KcYpZ9IhuxFD2hGAJlL5vABtkr00CjeJU0SY8CjZQyzvzkzLop8jhdX3iDvteVJg6e3y4TEiY+Kti4gDJAagnA==",
        "dependencies": {
          "System.ClientModel": "1.8.1"
        }
      },
      "OpenTelemetry.Api": {
        "type": "Transitive",
        "resolved": "1.13.1",
        "contentHash": "tieglRERo7Rgu8oE8aamnuXCMPEW5fXIqO5ngTMCNk9pOEXanc0SdQ86ZAD1goNiGcjWHn+P3WMZp0FZSJgCoQ=="
      },
      "System.ClientModel": {
        "type": "Transitive",
        "resolved": "1.9.0",
        "contentHash": "1wdwKtMMMEFEYsxJmtrOd3G+7zVOVO3MlVZAsbKv9H0PnIx6J27fYAarMn0eQS0vKJPQL018DOb7YRK1O97p0A==",
        "dependencies": {
          "Microsoft.Extensions.Configuration.Abstractions": "10.0.2",
          "Microsoft.Extensions.Hosting.Abstractions": "10.0.2",
          "Microsoft.Extensions.Logging.Abstractions": "10.0.2",
          "System.Memory.Data": "10.0.1"
        }
      },
      "System.Memory.Data": {
        "type": "Transitive",
        "resolved": "10.0.1",
        "contentHash": "BZC4mhdL569AXV56ep9YO6ShjhxFXGP7SwVX0Bc/e0dJPWnS6aBEXZJXqh64RVx8HquqWHkJUINBydLRQ1yq0g=="
      },
      "System.Numerics.Tensors": {
        "type": "Transitive",
        "resolved": "10.0.4",
        "contentHash": "EK8wJVxnVfeCzchnEqVjIfZDpVIcmjfjUs9x1nzI41X2naPGT57QjoHlQJma2vDQUxEtPQiGv/v90mwcflx6mQ=="
      },
      "Microsoft.Agents.AI.Abstractions": {
        "type": "CentralTransitive",
        "requested": "[1.0.0-preview.260209.1, )",
        "resolved": "1.0.0-rc4",
        "contentHash": "3/5gnZxpod0WUyeQtLmgXDoa7HFKLau4pp6+cHcd9A5wYuZmIXlIltonp9kw0akBbPF/0X6dYIFCq2r+yHduOw==",
        "dependencies": {
          "Microsoft.Extensions.AI.Abstractions": "10.3.0",
          "Microsoft.Extensions.DependencyInjection.Abstractions": "10.0.3",
          "Microsoft.Extensions.Logging.Abstractions": "10.0.3"
        }
      },
      "Microsoft.Extensions.AI.OpenAI": {
        "type": "CentralTransitive",
        "requested": "[10.4.0, )",
        "resolved": "10.3.0",
        "contentHash": "+TAHAJy2+m5zazGLuwz6PbcMu6EmhxR+LmRhmz8+O3BBnfuGWVJOBGDeKAaSvIQDzKFYCLOrE4ZH0IbdLHVlKw==",
        "dependencies": {
          "Microsoft.Extensions.AI.Abstractions": "10.3.0",
          "OpenAI": "2.8.0"
        }
      },
      "Microsoft.Extensions.Configuration.Abstractions": {
        "type": "CentralTransitive",
        "requested": "[11.0.0-preview.2.26159.112, )",
        "resolved": "10.0.2",
        "contentHash": "KC5PslaTDnTuTvyke0KYAVBYdZ7IVTsU3JhHe69BpEbHLcj1YThP3bIGtZNOkZfast2AuLnul5lk4rZKxAdUGQ==",
        "dependencies": {
          "Microsoft.Extensions.Primitives": "10.0.2"
        }
      },
      "Microsoft.Extensions.Hosting.Abstractions": {
        "type": "CentralTransitive",
        "requested": "[10.0.0, )",
        "resolved": "10.0.2",
        "contentHash": "CeAAPVOtI/wtBcHOwq6Pw3VPdGi+pNaGHZj6vfXX/5zr8beO9SyL7IOCSQ70BauFTAFS0QF7f6zu2A6hC8D6nw==",
        "dependencies": {
          "Microsoft.Extensions.Configuration.Abstractions": "10.0.2",
          "Microsoft.Extensions.DependencyInjection.Abstractions": "10.0.2",
          "Microsoft.Extensions.Diagnostics.Abstractions": "10.0.2",
          "Microsoft.Extensions.FileProviders.Abstractions": "10.0.2",
          "Microsoft.Extensions.Logging.Abstractions": "10.0.2"
        }
      },
      "Microsoft.Extensions.Logging": {
        "type": "CentralTransitive",
        "requested": "[10.0.2, )",
        "resolved": "10.0.0",
        "contentHash": "BStFkd5CcnEtarlcgYDBcFzGYCuuNMzPs02wN3WBsOFoYIEmYoUdAiU+au6opzoqfTYJsMTW00AeqDdnXH2CvA==",
        "dependencies": {
          "Microsoft.Extensions.DependencyInjection": "10.0.0",
          "Microsoft.Extensions.Logging.Abstractions": "10.0.0",
          "Microsoft.Extensions.Options": "10.0.0"
        }
      },
      "Microsoft.Extensions.Options": {
        "type": "CentralTransitive",
        "requested": "[11.0.0-preview.2.26159.112, )",
        "resolved": "10.0.2",
        "contentHash": "1De2LJjmxdqopI5AYC5dIhoZQ79AR5ayywxNF1rXrXFtKQfbQOV9+n/IsZBa7qWlr0MqoGpW8+OY2v/57udZOA==",
        "dependencies": {
          "Microsoft.Extensions.DependencyInjection.Abstractions": "10.0.2",
          "Microsoft.Extensions.Primitives": "10.0.2"
        }
      }
    }
  }
}